
Microsoft Visual Studio Solution File, Format Version 12.00
# Visual Studio Version 16
VisualStudioVersion = 16.0.29519.87
MinimumVisualStudioVersion = 10.0.40219.1
Project("{8BC9CEB8-8B4A-11D0-8D11-00A0C91BC942}") = "mylab1", "mylab1\mylab1.vcxproj", "{3BD89C03-4FC3-442D-852C-E75911A53C08}"
EndProject
Global
	GlobalSection(SolutionConfigurationPlatforms) = preSolution
		Debug|x64 = Debug|x64
		Debug|x86 = Debug|x86
		Release|x64 = Release|x64
		Release|x86 = Release|x86
	EndGlobalSection
	GlobalSection(ProjectConfigurationPlatforms) = postSolution
		{3BD89C03-4FC3-442D-852C-E75911A53C08}.Debug|x64.ActiveCfg = Debug|x64
		{3BD89C03-4FC3-442D-852C-E75911A53C08}.Debug|x64.Build.0 = Debug|x64
		{3BD89C03-4FC3-442D-852C-E75911A53C08}.Debug|x86.ActiveCfg = Debug|Win32
		{3BD89C03-4FC3-442D-852C-E75911A53C08}.Debug|x86.Build.0 = Debug|Win32
		{3BD89C03-4FC3-442D-852C-E75911A53C08}.Release|x64.ActiveCfg = Release|x64
		{3BD89C03-4FC3-442D-852C-E75911A53C08}.Release|x64.Build.0 = Release|x64
		{3BD89C03-4FC3-442D-852C-E75911A53C08}.Release|x86.ActiveCfg = Release|Win32
		{3BD89C03-4FC3-442D-852C-E75911A53C08}.Release|x86.Build.0 = Release|Win32
	EndGlobalSection
	GlobalSection(SolutionProperties) = preSolution
		HideSolutionNode = FALSE
	EndGlobalSection
	GlobalSection(ExtensibilityGlobals) = postSolution
		SolutionGuid = {FBC64628-B162-4AE6-840C-A17FCC0BBBCD}
	EndGlobalSection
EndGlobal
